// !$*UTF8*$!
{
	archiveVersion = 1;
	classes = {
	};
	objectVersion = 56;
	objects = {

/* Begin PBXBuildFile section */
		C2056D972C61EAE300F94062 /* AddCustomerView.swift in Sources */ = {isa = PBXBuildFile; fileRef = C2056D962C61EAE300F94062 /* AddCustomerView.swift */; };
		C210E3E42C56B31E00D04227 /* AddProductView.swift in Sources */ = {isa = PBXBuildFile; fileRef = C210E3E32C56B31E00D04227 /* AddProductView.swift */; };
		C210E3E72C572F6500D04227 /* EmojiPicker in Frameworks */ = {isa = PBXBuildFile; productRef = C210E3E62C572F6500D04227 /* EmojiPicker */; };
		C210E3EA2C57568F00D04227 /* MCEmojiPicker in Frameworks */ = {isa = PBXBuildFile; productRef = C210E3E92C57568F00D04227 /* MCEmojiPicker */; };
		C2363C222C58BA1900EE004A /* AddOrderView.swift in Sources */ = {isa = PBXBuildFile; fileRef = C2363C212C58BA1900EE004A /* AddOrderView.swift */; };
		C244F8AB2C6C6BF700F2FF1A /* INRFormatter.swift in Sources */ = {isa = PBXBuildFile; fileRef = C244F8AA2C6C6BF700F2FF1A /* INRFormatter.swift */; };
		C24C318D2C3D038600C3187D /* Krupas_FoodsApp.swift in Sources */ = {isa = PBXBuildFile; fileRef = C24C318C2C3D038600C3187D /* Krupas_FoodsApp.swift */; };
		C24C318F2C3D038600C3187D /* ContentView.swift in Sources */ = {isa = PBXBuildFile; fileRef = C24C318E2C3D038600C3187D /* ContentView.swift */; };
		C24C31912C3D038800C3187D /* Assets.xcassets in Resources */ = {isa = PBXBuildFile; fileRef = C24C31902C3D038800C3187D /* Assets.xcassets */; };
		C24C319F2C3D038800C3187D /* Krupa_s_FoodsTests.swift in Sources */ = {isa = PBXBuildFile; fileRef = C24C319E2C3D038800C3187D /* Krupa_s_FoodsTests.swift */; };
		C24C31A92C3D038800C3187D /* Krupa_s_FoodsUITests.swift in Sources */ = {isa = PBXBuildFile; fileRef = C24C31A82C3D038800C3187D /* Krupa_s_FoodsUITests.swift */; };
		C24C31AB2C3D038800C3187D /* Krupa_s_FoodsUITestsLaunchTests.swift in Sources */ = {isa = PBXBuildFile; fileRef = C24C31AA2C3D038800C3187D /* Krupa_s_FoodsUITestsLaunchTests.swift */; };
		C28C7F102C4682DB00B9DF32 /* Product.swift in Sources */ = {isa = PBXBuildFile; fileRef = C28C7F0F2C4682DB00B9DF32 /* Product.swift */; };
		C2942FC42C4E0F5900E11C21 /* Order.swift in Sources */ = {isa = PBXBuildFile; fileRef = C2942FC32C4E0F5900E11C21 /* Order.swift */; };
		C2942FC62C4E0F7100E11C21 /* Stock.swift in Sources */ = {isa = PBXBuildFile; fileRef = C2942FC52C4E0F7100E11C21 /* Stock.swift */; };
		C2942FC82C4E0F8500E11C21 /* Customer.swift in Sources */ = {isa = PBXBuildFile; fileRef = C2942FC72C4E0F8500E11C21 /* Customer.swift */; };
		C2942FCA2C4E0F9B00E11C21 /* Address.swift in Sources */ = {isa = PBXBuildFile; fileRef = C2942FC92C4E0F9B00E11C21 /* Address.swift */; };
		C2A240AB2C68F2C100EB38D6 /* ContactPickerButton.swift in Sources */ = {isa = PBXBuildFile; fileRef = C2A240AA2C68F2C100EB38D6 /* ContactPickerButton.swift */; };
		C2A240AD2C68FAF600EB38D6 /* ExistingCustomerPicker.swift in Sources */ = {isa = PBXBuildFile; fileRef = C2A240AC2C68FAF600EB38D6 /* ExistingCustomerPicker.swift */; };
		C2CC3B482C4E180000E5DEF5 /* OrdersView.swift in Sources */ = {isa = PBXBuildFile; fileRef = C2CC3B472C4E180000E5DEF5 /* OrdersView.swift */; };
		C2CC3B4A2C4E182600E5DEF5 /* StockView.swift in Sources */ = {isa = PBXBuildFile; fileRef = C2CC3B492C4E182600E5DEF5 /* StockView.swift */; };
		C2CC3B4C2C4E183E00E5DEF5 /* SettingsView.swift in Sources */ = {isa = PBXBuildFile; fileRef = C2CC3B4B2C4E183E00E5DEF5 /* SettingsView.swift */; };
/* End PBXBuildFile section */

/* Begin PBXContainerItemProxy section */
		C24C319B2C3D038800C3187D /* PBXContainerItemProxy */ = {
			isa = PBXContainerItemProxy;
			containerPortal = C24C31812C3D038600C3187D /* Project object */;
			proxyType = 1;
			remoteGlobalIDString = C24C31882C3D038600C3187D;
			remoteInfo = "Krupa's Foods";
		};
		C24C31A52C3D038800C3187D /* PBXContainerItemProxy */ = {
			isa = PBXContainerItemProxy;
			containerPortal = C24C31812C3D038600C3187D /* Project object */;
			proxyType = 1;
			remoteGlobalIDString = C24C31882C3D038600C3187D;
			remoteInfo = "Krupa's Foods";
		};
/* End PBXContainerItemProxy section */

/* Begin PBXFileReference section */
		C2056D962C61EAE300F94062 /* AddCustomerView.swift */ = {isa = PBXFileReference; lastKnownFileType = sourcecode.swift; path = AddCustomerView.swift; sourceTree = "<group>"; };
		C210E3E32C56B31E00D04227 /* AddProductView.swift */ = {isa = PBXFileReference; lastKnownFileType = sourcecode.swift; path = AddProductView.swift; sourceTree = "<group>"; };
		C2363C212C58BA1900EE004A /* AddOrderView.swift */ = {isa = PBXFileReference; lastKnownFileType = sourcecode.swift; path = AddOrderView.swift; sourceTree = "<group>"; };
		C244F8AA2C6C6BF700F2FF1A /* INRFormatter.swift */ = {isa = PBXFileReference; lastKnownFileType = sourcecode.swift; path = INRFormatter.swift; sourceTree = "<group>"; };
		C24C31892C3D038600C3187D /* Krupa's Foods.app */ = {isa = PBXFileReference; explicitFileType = wrapper.application; includeInIndex = 0; path = "Krupa's Foods.app"; sourceTree = BUILT_PRODUCTS_DIR; };
		C24C318C2C3D038600C3187D /* Krupas_FoodsApp.swift */ = {isa = PBXFileReference; lastKnownFileType = sourcecode.swift; path = Krupas_FoodsApp.swift; sourceTree = "<group>"; };
		C24C318E2C3D038600C3187D /* ContentView.swift */ = {isa = PBXFileReference; lastKnownFileType = sourcecode.swift; path = ContentView.swift; sourceTree = "<group>"; };
		C24C31902C3D038800C3187D /* Assets.xcassets */ = {isa = PBXFileReference; lastKnownFileType = folder.assetcatalog; path = Assets.xcassets; sourceTree = "<group>"; };
		C24C31922C3D038800C3187D /* Krupa_s_Foods.entitlements */ = {isa = PBXFileReference; lastKnownFileType = text.plist.entitlements; path = Krupa_s_Foods.entitlements; sourceTree = "<group>"; };
		C24C319A2C3D038800C3187D /* Krupa's FoodsTests.xctest */ = {isa = PBXFileReference; explicitFileType = wrapper.cfbundle; includeInIndex = 0; path = "Krupa's FoodsTests.xctest"; sourceTree = BUILT_PRODUCTS_DIR; };
		C24C319E2C3D038800C3187D /* Krupa_s_FoodsTests.swift */ = {isa = PBXFileReference; lastKnownFileType = sourcecode.swift; path = Krupa_s_FoodsTests.swift; sourceTree = "<group>"; };
		C24C31A42C3D038800C3187D /* Krupa's FoodsUITests.xctest */ = {isa = PBXFileReference; explicitFileType = wrapper.cfbundle; includeInIndex = 0; path = "Krupa's FoodsUITests.xctest"; sourceTree = BUILT_PRODUCTS_DIR; };
		C24C31A82C3D038800C3187D /* Krupa_s_FoodsUITests.swift */ = {isa = PBXFileReference; lastKnownFileType = sourcecode.swift; path = Krupa_s_FoodsUITests.swift; sourceTree = "<group>"; };
		C24C31AA2C3D038800C3187D /* Krupa_s_FoodsUITestsLaunchTests.swift */ = {isa = PBXFileReference; lastKnownFileType = sourcecode.swift; path = Krupa_s_FoodsUITestsLaunchTests.swift; sourceTree = "<group>"; };
		C28C7F0F2C4682DB00B9DF32 /* Product.swift */ = {isa = PBXFileReference; lastKnownFileType = sourcecode.swift; path = Product.swift; sourceTree = "<group>"; };
		C2942FC32C4E0F5900E11C21 /* Order.swift */ = {isa = PBXFileReference; lastKnownFileType = sourcecode.swift; path = Order.swift; sourceTree = "<group>"; };
		C2942FC52C4E0F7100E11C21 /* Stock.swift */ = {isa = PBXFileReference; lastKnownFileType = sourcecode.swift; path = Stock.swift; sourceTree = "<group>"; };
		C2942FC72C4E0F8500E11C21 /* Customer.swift */ = {isa = PBXFileReference; lastKnownFileType = sourcecode.swift; path = Customer.swift; sourceTree = "<group>"; };
		C2942FC92C4E0F9B00E11C21 /* Address.swift */ = {isa = PBXFileReference; lastKnownFileType = sourcecode.swift; path = Address.swift; sourceTree = "<group>"; };
		C2A240AA2C68F2C100EB38D6 /* ContactPickerButton.swift */ = {isa = PBXFileReference; lastKnownFileType = sourcecode.swift; path = ContactPickerButton.swift; sourceTree = "<group>"; };
		C2A240AC2C68FAF600EB38D6 /* ExistingCustomerPicker.swift */ = {isa = PBXFileReference; lastKnownFileType = sourcecode.swift; path = ExistingCustomerPicker.swift; sourceTree = "<group>"; };
		C2CC3B472C4E180000E5DEF5 /* OrdersView.swift */ = {isa = PBXFileReference; lastKnownFileType = sourcecode.swift; path = OrdersView.swift; sourceTree = "<group>"; };
		C2CC3B492C4E182600E5DEF5 /* StockView.swift */ = {isa = PBXFileReference; lastKnownFileType = sourcecode.swift; path = StockView.swift; sourceTree = "<group>"; };
		C2CC3B4B2C4E183E00E5DEF5 /* SettingsView.swift */ = {isa = PBXFileReference; lastKnownFileType = sourcecode.swift; path = SettingsView.swift; sourceTree = "<group>"; };
/* End PBXFileReference section */

/* Begin PBXFrameworksBuildPhase section */
		C24C31862C3D038600C3187D /* Frameworks */ = {
			isa = PBXFrameworksBuildPhase;
			buildActionMask = 2147483647;
			files = (
				C210E3E72C572F6500D04227 /* EmojiPicker in Frameworks */,
				C210E3EA2C57568F00D04227 /* MCEmojiPicker in Frameworks */,
			);
			runOnlyForDeploymentPostprocessing = 0;
		};
		C24C31972C3D038800C3187D /* Frameworks */ = {
			isa = PBXFrameworksBuildPhase;
			buildActionMask = 2147483647;
			files = (
			);
			runOnlyForDeploymentPostprocessing = 0;
		};
		C24C31A12C3D038800C3187D /* Frameworks */ = {
			isa = PBXFrameworksBuildPhase;
			buildActionMask = 2147483647;
			files = (
			);
			runOnlyForDeploymentPostprocessing = 0;
		};
/* End PBXFrameworksBuildPhase section */

/* Begin PBXGroup section */
		C24C31802C3D038600C3187D = {
			isa = PBXGroup;
			children = (
				C24C318B2C3D038600C3187D /* Krupa's Foods */,
				C24C319D2C3D038800C3187D /* Krupa's FoodsTests */,
				C24C31A72C3D038800C3187D /* Krupa's FoodsUITests */,
				C24C318A2C3D038600C3187D /* Products */,
			);
			sourceTree = "<group>";
		};
		C24C318A2C3D038600C3187D /* Products */ = {
			isa = PBXGroup;
			children = (
				C24C31892C3D038600C3187D /* Krupa's Foods.app */,
				C24C319A2C3D038800C3187D /* Krupa's FoodsTests.xctest */,
				C24C31A42C3D038800C3187D /* Krupa's FoodsUITests.xctest */,
			);
			name = Products;
			sourceTree = "<group>";
		};
		C24C318B2C3D038600C3187D /* Krupa's Foods */ = {
			isa = PBXGroup;
			children = (
				C24C318C2C3D038600C3187D /* Krupas_FoodsApp.swift */,
				C24C318E2C3D038600C3187D /* ContentView.swift */,
				C2A240B22C691CD200EB38D6 /* Primary Views */,
				C2A240AE2C691C7A00EB38D6 /* Creation Views */,
				C2A240B02C691CA900EB38D6 /* Models */,
				C2A240B12C691CB600EB38D6 /* Utilities */,
				C24C31902C3D038800C3187D /* Assets.xcassets */,
				C24C31922C3D038800C3187D /* Krupa_s_Foods.entitlements */,
			);
			path = "Krupa's Foods";
			sourceTree = "<group>";
		};
		C24C319D2C3D038800C3187D /* Krupa's FoodsTests */ = {
			isa = PBXGroup;
			children = (
				C24C319E2C3D038800C3187D /* Krupa_s_FoodsTests.swift */,
			);
			path = "Krupa's FoodsTests";
			sourceTree = "<group>";
		};
		C24C31A72C3D038800C3187D /* Krupa's FoodsUITests */ = {
			isa = PBXGroup;
			children = (
				C24C31A82C3D038800C3187D /* Krupa_s_FoodsUITests.swift */,
				C24C31AA2C3D038800C3187D /* Krupa_s_FoodsUITestsLaunchTests.swift */,
			);
			path = "Krupa's FoodsUITests";
			sourceTree = "<group>";
		};
		C2A240AE2C691C7A00EB38D6 /* Creation Views */ = {
			isa = PBXGroup;
			children = (
				C210E3E32C56B31E00D04227 /* AddProductView.swift */,
				C2363C212C58BA1900EE004A /* AddOrderView.swift */,
				C2A240AF2C691C9200EB38D6 /* Customer */,
			);
			path = "Creation Views";
			sourceTree = "<group>";
		};
		C2A240AF2C691C9200EB38D6 /* Customer */ = {
			isa = PBXGroup;
			children = (
				C2056D962C61EAE300F94062 /* AddCustomerView.swift */,
				C2A240AC2C68FAF600EB38D6 /* ExistingCustomerPicker.swift */,
			);
			path = Customer;
			sourceTree = "<group>";
		};
		C2A240B02C691CA900EB38D6 /* Models */ = {
			isa = PBXGroup;
			children = (
				C28C7F0F2C4682DB00B9DF32 /* Product.swift */,
				C2942FC32C4E0F5900E11C21 /* Order.swift */,
				C2942FC52C4E0F7100E11C21 /* Stock.swift */,
				C2942FC72C4E0F8500E11C21 /* Customer.swift */,
				C2942FC92C4E0F9B00E11C21 /* Address.swift */,
			);
			path = Models;
			sourceTree = "<group>";
		};
		C2A240B12C691CB600EB38D6 /* Utilities */ = {
			isa = PBXGroup;
			children = (
				C2A240AA2C68F2C100EB38D6 /* ContactPickerButton.swift */,
				C244F8AA2C6C6BF700F2FF1A /* INRFormatter.swift */,
			);
			path = Utilities;
			sourceTree = "<group>";
		};
		C2A240B22C691CD200EB38D6 /* Primary Views */ = {
			isa = PBXGroup;
			children = (
				C2CC3B472C4E180000E5DEF5 /* OrdersView.swift */,
				C2CC3B492C4E182600E5DEF5 /* StockView.swift */,
				C2CC3B4B2C4E183E00E5DEF5 /* SettingsView.swift */,
			);
			path = "Primary Views";
			sourceTree = "<group>";
		};
/* End PBXGroup section */

/* Begin PBXNativeTarget section */
		C24C31882C3D038600C3187D /* Krupa's Foods */ = {
			isa = PBXNativeTarget;
			buildConfigurationList = C24C31AE2C3D038800C3187D /* Build configuration list for PBXNativeTarget "Krupa's Foods" */;
			buildPhases = (
				C24C31852C3D038600C3187D /* Sources */,
				C24C31862C3D038600C3187D /* Frameworks */,
				C24C31872C3D038600C3187D /* Resources */,
			);
			buildRules = (
			);
			dependencies = (
			);
			name = "Krupa's Foods";
			packageProductDependencies = (
				C210E3E62C572F6500D04227 /* EmojiPicker */,
				C210E3E92C57568F00D04227 /* MCEmojiPicker */,
			);
			productName = "Krupa's Foods";
			productReference = C24C31892C3D038600C3187D /* Krupa's Foods.app */;
			productType = "com.apple.product-type.application";
		};
		C24C31992C3D038800C3187D /* Krupa's FoodsTests */ = {
			isa = PBXNativeTarget;
			buildConfigurationList = C24C31B12C3D038800C3187D /* Build configuration list for PBXNativeTarget "Krupa's FoodsTests" */;
			buildPhases = (
				C24C31962C3D038800C3187D /* Sources */,
				C24C31972C3D038800C3187D /* Frameworks */,
				C24C31982C3D038800C3187D /* Resources */,
			);
			buildRules = (
			);
			dependencies = (
				C24C319C2C3D038800C3187D /* PBXTargetDependency */,
			);
			name = "Krupa's FoodsTests";
			productName = "Krupa's FoodsTests";
			productReference = C24C319A2C3D038800C3187D /* Krupa's FoodsTests.xctest */;
			productType = "com.apple.product-type.bundle.unit-test";
		};
		C24C31A32C3D038800C3187D /* Krupa's FoodsUITests */ = {
			isa = PBXNativeTarget;
			buildConfigurationList = C24C31B42C3D038800C3187D /* Build configuration list for PBXNativeTarget "Krupa's FoodsUITests" */;
			buildPhases = (
				C24C31A02C3D038800C3187D /* Sources */,
				C24C31A12C3D038800C3187D /* Frameworks */,
				C24C31A22C3D038800C3187D /* Resources */,
			);
			buildRules = (
			);
			dependencies = (
				C24C31A62C3D038800C3187D /* PBXTargetDependency */,
			);
			name = "Krupa's FoodsUITests";
			productName = "Krupa's FoodsUITests";
			productReference = C24C31A42C3D038800C3187D /* Krupa's FoodsUITests.xctest */;
			productType = "com.apple.product-type.bundle.ui-testing";
		};
/* End PBXNativeTarget section */

/* Begin PBXProject section */
		C24C31812C3D038600C3187D /* Project object */ = {
			isa = PBXProject;
			attributes = {
				BuildIndependentTargetsInParallel = 1;
				LastSwiftUpdateCheck = 1540;
				LastUpgradeCheck = 1540;
				TargetAttributes = {
					C24C31882C3D038600C3187D = {
						CreatedOnToolsVersion = 15.4;
					};
					C24C31992C3D038800C3187D = {
						CreatedOnToolsVersion = 15.4;
						TestTargetID = C24C31882C3D038600C3187D;
					};
					C24C31A32C3D038800C3187D = {
						CreatedOnToolsVersion = 15.4;
						TestTargetID = C24C31882C3D038600C3187D;
					};
				};
			};
			buildConfigurationList = C24C31842C3D038600C3187D /* Build configuration list for PBXProject "Krupa's Foods" */;
			compatibilityVersion = "Xcode 14.0";
			developmentRegion = en;
			hasScannedForEncodings = 0;
			knownRegions = (
				en,
				Base,
			);
			mainGroup = C24C31802C3D038600C3187D;
			packageReferences = (
				C210E3E52C572F6500D04227 /* XCRemoteSwiftPackageReference "EmojiPicker" */,
				C210E3E82C57568F00D04227 /* XCRemoteSwiftPackageReference "MCEmojiPicker" */,
			);
			productRefGroup = C24C318A2C3D038600C3187D /* Products */;
			projectDirPath = "";
			projectRoot = "";
			targets = (
				C24C31882C3D038600C3187D /* Krupa's Foods */,
				C24C31992C3D038800C3187D /* Krupa's FoodsTests */,
				C24C31A32C3D038800C3187D /* Krupa's FoodsUITests */,
			);
		};
/* End PBXProject section */

/* Begin PBXResourcesBuildPhase section */
		C24C31872C3D038600C3187D /* Resources */ = {
			isa = PBXResourcesBuildPhase;
			buildActionMask = 2147483647;
			files = (
				C24C31912C3D038800C3187D /* Assets.xcassets in Resources */,
			);
			runOnlyForDeploymentPostprocessing = 0;
		};
		C24C31982C3D038800C3187D /* Resources */ = {
			isa = PBXResourcesBuildPhase;
			buildActionMask = 2147483647;
			files = (
			);
			runOnlyForDeploymentPostprocessing = 0;
		};
		C24C31A22C3D038800C3187D /* Resources */ = {
			isa = PBXResourcesBuildPhase;
			buildActionMask = 2147483647;
			files = (
			);
			runOnlyForDeploymentPostprocessing = 0;
		};
/* End PBXResourcesBuildPhase section */

/* Begin PBXSourcesBuildPhase section */
		C24C31852C3D038600C3187D /* Sources */ = {
			isa = PBXSourcesBuildPhase;
			buildActionMask = 2147483647;
			files = (
				C2056D972C61EAE300F94062 /* AddCustomerView.swift in Sources */,
				C2CC3B4A2C4E182600E5DEF5 /* StockView.swift in Sources */,
				C2A240AD2C68FAF600EB38D6 /* ExistingCustomerPicker.swift in Sources */,
				C24C318F2C3D038600C3187D /* ContentView.swift in Sources */,
				C24C318D2C3D038600C3187D /* Krupas_FoodsApp.swift in Sources */,
				C2942FC42C4E0F5900E11C21 /* Order.swift in Sources */,
				C2942FC82C4E0F8500E11C21 /* Customer.swift in Sources */,
				C210E3E42C56B31E00D04227 /* AddProductView.swift in Sources */,
				C2CC3B4C2C4E183E00E5DEF5 /* SettingsView.swift in Sources */,
				C2A240AB2C68F2C100EB38D6 /* ContactPickerButton.swift in Sources */,
				C2942FC62C4E0F7100E11C21 /* Stock.swift in Sources */,
				C2CC3B482C4E180000E5DEF5 /* OrdersView.swift in Sources */,
				C2363C222C58BA1900EE004A /* AddOrderView.swift in Sources */,
				C244F8AB2C6C6BF700F2FF1A /* INRFormatter.swift in Sources */,
				C28C7F102C4682DB00B9DF32 /* Product.swift in Sources */,
				C2942FCA2C4E0F9B00E11C21 /* Address.swift in Sources */,
			);
			runOnlyForDeploymentPostprocessing = 0;
		};
		C24C31962C3D038800C3187D /* Sources */ = {
			isa = PBXSourcesBuildPhase;
			buildActionMask = 2147483647;
			files = (
				C24C319F2C3D038800C3187D /* Krupa_s_FoodsTests.swift in Sources */,
			);
			runOnlyForDeploymentPostprocessing = 0;
		};
		C24C31A02C3D038800C3187D /* Sources */ = {
			isa = PBXSourcesBuildPhase;
			buildActionMask = 2147483647;
			files = (
				C24C31AB2C3D038800C3187D /* Krupa_s_FoodsUITestsLaunchTests.swift in Sources */,
				C24C31A92C3D038800C3187D /* Krupa_s_FoodsUITests.swift in Sources */,
			);
			runOnlyForDeploymentPostprocessing = 0;
		};
/* End PBXSourcesBuildPhase section */

/* Begin PBXTargetDependency section */
		C24C319C2C3D038800C3187D /* PBXTargetDependency */ = {
			isa = PBXTargetDependency;
			target = C24C31882C3D038600C3187D /* Krupa's Foods */;
			targetProxy = C24C319B2C3D038800C3187D /* PBXContainerItemProxy */;
		};
		C24C31A62C3D038800C3187D /* PBXTargetDependency */ = {
			isa = PBXTargetDependency;
			target = C24C31882C3D038600C3187D /* Krupa's Foods */;
			targetProxy = C24C31A52C3D038800C3187D /* PBXContainerItemProxy */;
		};
/* End PBXTargetDependency section */

/* Begin XCBuildConfiguration section */
		C24C31AC2C3D038800C3187D /* Debug */ = {
			isa = XCBuildConfiguration;
			buildSettings = {
				ALWAYS_SEARCH_USER_PATHS = NO;
				ASSETCATALOG_COMPILER_GENERATE_SWIFT_ASSET_SYMBOL_EXTENSIONS = YES;
				CLANG_ANALYZER_NONNULL = YES;
				CLANG_ANALYZER_NUMBER_OBJECT_CONVERSION = YES_AGGRESSIVE;
				CLANG_CXX_LANGUAGE_STANDARD = "gnu++20";
				CLANG_ENABLE_MODULES = YES;
				CLANG_ENABLE_OBJC_ARC = YES;
				CLANG_ENABLE_OBJC_WEAK = YES;
				CLANG_WARN_BLOCK_CAPTURE_AUTORELEASING = YES;
				CLANG_WARN_BOOL_CONVERSION = YES;
				CLANG_WARN_COMMA = YES;
				CLANG_WARN_CONSTANT_CONVERSION = YES;
				CLANG_WARN_DEPRECATED_OBJC_IMPLEMENTATIONS = YES;
				CLANG_WARN_DIRECT_OBJC_ISA_USAGE = YES_ERROR;
				CLANG_WARN_DOCUMENTATION_COMMENTS = YES;
				CLANG_WARN_EMPTY_BODY = YES;
				CLANG_WARN_ENUM_CONVERSION = YES;
				CLANG_WARN_INFINITE_RECURSION = YES;
				CLANG_WARN_INT_CONVERSION = YES;
				CLANG_WARN_NON_LITERAL_NULL_CONVERSION = YES;
				CLANG_WARN_OBJC_IMPLICIT_RETAIN_SELF = YES;
				CLANG_WARN_OBJC_LITERAL_CONVERSION = YES;
				CLANG_WARN_OBJC_ROOT_CLASS = YES_ERROR;
				CLANG_WARN_QUOTED_INCLUDE_IN_FRAMEWORK_HEADER = YES;
				CLANG_WARN_RANGE_LOOP_ANALYSIS = YES;
				CLANG_WARN_STRICT_PROTOTYPES = YES;
				CLANG_WARN_SUSPICIOUS_MOVE = YES;
				CLANG_WARN_UNGUARDED_AVAILABILITY = YES_AGGRESSIVE;
				CLANG_WARN_UNREACHABLE_CODE = YES;
				CLANG_WARN__DUPLICATE_METHOD_MATCH = YES;
				COPY_PHASE_STRIP = NO;
				DEBUG_INFORMATION_FORMAT = dwarf;
				ENABLE_STRICT_OBJC_MSGSEND = YES;
				ENABLE_TESTABILITY = YES;
				ENABLE_USER_SCRIPT_SANDBOXING = YES;
				GCC_C_LANGUAGE_STANDARD = gnu17;
				GCC_DYNAMIC_NO_PIC = NO;
				GCC_NO_COMMON_BLOCKS = YES;
				GCC_OPTIMIZATION_LEVEL = 0;
				GCC_PREPROCESSOR_DEFINITIONS = (
					"DEBUG=1",
					"$(inherited)",
				);
				GCC_WARN_64_TO_32_BIT_CONVERSION = YES;
				GCC_WARN_ABOUT_RETURN_TYPE = YES_ERROR;
				GCC_WARN_UNDECLARED_SELECTOR = YES;
				GCC_WARN_UNINITIALIZED_AUTOS = YES_AGGRESSIVE;
				GCC_WARN_UNUSED_FUNCTION = YES;
				GCC_WARN_UNUSED_VARIABLE = YES;
				LOCALIZATION_PREFERS_STRING_CATALOGS = YES;
				MTL_ENABLE_DEBUG_INFO = INCLUDE_SOURCE;
				MTL_FAST_MATH = YES;
				ONLY_ACTIVE_ARCH = YES;
				SWIFT_ACTIVE_COMPILATION_CONDITIONS = "DEBUG $(inherited)";
				SWIFT_OPTIMIZATION_LEVEL = "-Onone";
			};
			name = Debug;
		};
		C24C31AD2C3D038800C3187D /* Release */ = {
			isa = XCBuildConfiguration;
			buildSettings = {
				ALWAYS_SEARCH_USER_PATHS = NO;
				ASSETCATALOG_COMPILER_GENERATE_SWIFT_ASSET_SYMBOL_EXTENSIONS = YES;
				CLANG_ANALYZER_NONNULL = YES;
				CLANG_ANALYZER_NUMBER_OBJECT_CONVERSION = YES_AGGRESSIVE;
				CLANG_CXX_LANGUAGE_STANDARD = "gnu++20";
				CLANG_ENABLE_MODULES = YES;
				CLANG_ENABLE_OBJC_ARC = YES;
				CLANG_ENABLE_OBJC_WEAK = YES;
				CLANG_WARN_BLOCK_CAPTURE_AUTORELEASING = YES;
				CLANG_WARN_BOOL_CONVERSION = YES;
				CLANG_WARN_COMMA = YES;
				CLANG_WARN_CONSTANT_CONVERSION = YES;
				CLANG_WARN_DEPRECATED_OBJC_IMPLEMENTATIONS = YES;
				CLANG_WARN_DIRECT_OBJC_ISA_USAGE = YES_ERROR;
				CLANG_WARN_DOCUMENTATION_COMMENTS = YES;
				CLANG_WARN_EMPTY_BODY = YES;
				CLANG_WARN_ENUM_CONVERSION = YES;
				CLANG_WARN_INFINITE_RECURSION = YES;
				CLANG_WARN_INT_CONVERSION = YES;
				CLANG_WARN_NON_LITERAL_NULL_CONVERSION = YES;
				CLANG_WARN_OBJC_IMPLICIT_RETAIN_SELF = YES;
				CLANG_WARN_OBJC_LITERAL_CONVERSION = YES;
				CLANG_WARN_OBJC_ROOT_CLASS = YES_ERROR;
				CLANG_WARN_QUOTED_INCLUDE_IN_FRAMEWORK_HEADER = YES;
				CLANG_WARN_RANGE_LOOP_ANALYSIS = YES;
				CLANG_WARN_STRICT_PROTOTYPES = YES;
				CLANG_WARN_SUSPICIOUS_MOVE = YES;
				CLANG_WARN_UNGUARDED_AVAILABILITY = YES_AGGRESSIVE;
				CLANG_WARN_UNREACHABLE_CODE = YES;
				CLANG_WARN__DUPLICATE_METHOD_MATCH = YES;
				COPY_PHASE_STRIP = NO;
				DEBUG_INFORMATION_FORMAT = "dwarf-with-dsym";
				ENABLE_NS_ASSERTIONS = NO;
				ENABLE_STRICT_OBJC_MSGSEND = YES;
				ENABLE_USER_SCRIPT_SANDBOXING = YES;
				GCC_C_LANGUAGE_STANDARD = gnu17;
				GCC_NO_COMMON_BLOCKS = YES;
				GCC_WARN_64_TO_32_BIT_CONVERSION = YES;
				GCC_WARN_ABOUT_RETURN_TYPE = YES_ERROR;
				GCC_WARN_UNDECLARED_SELECTOR = YES;
				GCC_WARN_UNINITIALIZED_AUTOS = YES_AGGRESSIVE;
				GCC_WARN_UNUSED_FUNCTION = YES;
				GCC_WARN_UNUSED_VARIABLE = YES;
				LOCALIZATION_PREFERS_STRING_CATALOGS = YES;
				MTL_ENABLE_DEBUG_INFO = NO;
				MTL_FAST_MATH = YES;
				SWIFT_COMPILATION_MODE = wholemodule;
			};
			name = Release;
		};
		C24C31AF2C3D038800C3187D /* Debug */ = {
			isa = XCBuildConfiguration;
			buildSettings = {
				ASSETCATALOG_COMPILER_APPICON_NAME = AppIcon;
				ASSETCATALOG_COMPILER_GLOBAL_ACCENT_COLOR_NAME = AccentColor;
				CODE_SIGN_ENTITLEMENTS = "Krupa's Foods/Krupa_s_Foods.entitlements";
				CODE_SIGN_STYLE = Automatic;
				CURRENT_PROJECT_VERSION = 1;
				DEVELOPMENT_TEAM = 3S6NT5MUQZ;
				ENABLE_HARDENED_RUNTIME = YES;
				ENABLE_PREVIEWS = YES;
				GENERATE_INFOPLIST_FILE = YES;
				INFOPLIST_KEY_CFBundleDisplayName = "Krupa's Foods";
				"INFOPLIST_KEY_UIApplicationSceneManifest_Generation[sdk=iphoneos*]" = YES;
				"INFOPLIST_KEY_UIApplicationSceneManifest_Generation[sdk=iphonesimulator*]" = YES;
				"INFOPLIST_KEY_UIApplicationSupportsIndirectInputEvents[sdk=iphoneos*]" = YES;
				"INFOPLIST_KEY_UIApplicationSupportsIndirectInputEvents[sdk=iphonesimulator*]" = YES;
				"INFOPLIST_KEY_UILaunchScreen_Generation[sdk=iphoneos*]" = YES;
				"INFOPLIST_KEY_UILaunchScreen_Generation[sdk=iphonesimulator*]" = YES;
				"INFOPLIST_KEY_UIStatusBarStyle[sdk=iphoneos*]" = UIStatusBarStyleDefault;
				"INFOPLIST_KEY_UIStatusBarStyle[sdk=iphonesimulator*]" = UIStatusBarStyleDefault;
				INFOPLIST_KEY_UISupportedInterfaceOrientations_iPad = "UIInterfaceOrientationPortrait UIInterfaceOrientationPortraitUpsideDown UIInterfaceOrientationLandscapeLeft UIInterfaceOrientationLandscapeRight";
				INFOPLIST_KEY_UISupportedInterfaceOrientations_iPhone = "UIInterfaceOrientationPortrait UIInterfaceOrientationLandscapeLeft UIInterfaceOrientationLandscapeRight";
				IPHONEOS_DEPLOYMENT_TARGET = 17.0;
				LD_RUNPATH_SEARCH_PATHS = "@executable_path/Frameworks";
				"LD_RUNPATH_SEARCH_PATHS[sdk=macosx*]" = "@executable_path/../Frameworks";
				MACOSX_DEPLOYMENT_TARGET = 14.0;
				MARKETING_VERSION = 1.0;
				PRODUCT_BUNDLE_IDENTIFIER = "com.omchachad.Krupa-s-Foods";
				PRODUCT_NAME = "$(TARGET_NAME)";
				SDKROOT = auto;
				SUPPORTED_PLATFORMS = "iphoneos iphonesimulator";
				SUPPORTS_MACCATALYST = YES;
				SWIFT_EMIT_LOC_STRINGS = YES;
				SWIFT_VERSION = 5.0;
				TARGETED_DEVICE_FAMILY = "1,2";
			};
			name = Debug;
		};
		C24C31B02C3D038800C3187D /* Release */ = {
			isa = XCBuildConfiguration;
			buildSettings = {
				ASSETCATALOG_COMPILER_APPICON_NAME = AppIcon;
				ASSETCATALOG_COMPILER_GLOBAL_ACCENT_COLOR_NAME = AccentColor;
				CODE_SIGN_ENTITLEMENTS = "Krupa's Foods/Krupa_s_Foods.entitlements";
				CODE_SIGN_STYLE = Automatic;
				CURRENT_PROJECT_VERSION = 1;
				DEVELOPMENT_TEAM = 3S6NT5MUQZ;
				ENABLE_HARDENED_RUNTIME = YES;
				ENABLE_PREVIEWS = YES;
				GENERATE_INFOPLIST_FILE = YES;
				INFOPLIST_KEY_CFBundleDisplayName = "Krupa's Foods";
				"INFOPLIST_KEY_UIApplicationSceneManifest_Generation[sdk=iphoneos*]" = YES;
				"INFOPLIST_KEY_UIApplicationSceneManifest_Generation[sdk=iphonesimulator*]" = YES;
				"INFOPLIST_KEY_UIApplicationSupportsIndirectInputEvents[sdk=iphoneos*]" = YES;
				"INFOPLIST_KEY_UIApplicationSupportsIndirectInputEvents[sdk=iphonesimulator*]" = YES;
				"INFOPLIST_KEY_UILaunchScreen_Generation[sdk=iphoneos*]" = YES;
				"INFOPLIST_KEY_UILaunchScreen_Generation[sdk=iphonesimulator*]" = YES;
				"INFOPLIST_KEY_UIStatusBarStyle[sdk=iphoneos*]" = UIStatusBarStyleDefault;
				"INFOPLIST_KEY_UIStatusBarStyle[sdk=iphonesimulator*]" = UIStatusBarStyleDefault;
				INFOPLIST_KEY_UISupportedInterfaceOrientations_iPad = "UIInterfaceOrientationPortrait UIInterfaceOrientationPortraitUpsideDown UIInterfaceOrientationLandscapeLeft UIInterfaceOrientationLandscapeRight";
				INFOPLIST_KEY_UISupportedInterfaceOrientations_iPhone = "UIInterfaceOrientationPortrait UIInterfaceOrientationLandscapeLeft UIInterfaceOrientationLandscapeRight";
				IPHONEOS_DEPLOYMENT_TARGET = 17.0;
				LD_RUNPATH_SEARCH_PATHS = "@executable_path/Frameworks";
				"LD_RUNPATH_SEARCH_PATHS[sdk=macosx*]" = "@executable_path/../Frameworks";
				MACOSX_DEPLOYMENT_TARGET = 14.0;
				MARKETING_VERSION = 1.0;
				PRODUCT_BUNDLE_IDENTIFIER = "com.omchachad.Krupa-s-Foods";
				PRODUCT_NAME = "$(TARGET_NAME)";
				SDKROOT = auto;
				SUPPORTED_PLATFORMS = "iphoneos iphonesimulator";
				SUPPORTS_MACCATALYST = YES;
				SWIFT_EMIT_LOC_STRINGS = YES;
				SWIFT_VERSION = 5.0;
				TARGETED_DEVICE_FAMILY = "1,2";
			};
			name = Release;
		};
		C24C31B22C3D038800C3187D /* Debug */ = {
			isa = XCBuildConfiguration;
			buildSettings = {
				ALWAYS_EMBED_SWIFT_STANDARD_LIBRARIES = YES;
				BUNDLE_LOADER = "$(TEST_HOST)";
				CODE_SIGN_STYLE = Automatic;
				CURRENT_PROJECT_VERSION = 1;
				DEVELOPMENT_TEAM = 3S6NT5MUQZ;
				GENERATE_INFOPLIST_FILE = YES;
				IPHONEOS_DEPLOYMENT_TARGET = 17.5;
				MACOSX_DEPLOYMENT_TARGET = 14.5;
				MARKETING_VERSION = 1.0;
				PRODUCT_BUNDLE_IDENTIFIER = "com.omchachad.Krupa-s-FoodsTests";
				PRODUCT_NAME = "$(TARGET_NAME)";
				SDKROOT = auto;
				SUPPORTED_PLATFORMS = "iphoneos iphonesimulator macosx";
				SWIFT_EMIT_LOC_STRINGS = NO;
				SWIFT_VERSION = 5.0;
				TARGETED_DEVICE_FAMILY = "1,2";
				TEST_HOST = "$(BUILT_PRODUCTS_DIR)/Krupa's Foods.app/$(BUNDLE_EXECUTABLE_FOLDER_PATH)/Krupa's Foods";
			};
			name = Debug;
		};
		C24C31B32C3D038800C3187D /* Release */ = {
			isa = XCBuildConfiguration;
			buildSettings = {
				ALWAYS_EMBED_SWIFT_STANDARD_LIBRARIES = YES;
				BUNDLE_LOADER = "$(TEST_HOST)";
				CODE_SIGN_STYLE = Automatic;
				CURRENT_PROJECT_VERSION = 1;
				DEVELOPMENT_TEAM = 3S6NT5MUQZ;
				GENERATE_INFOPLIST_FILE = YES;
				IPHONEOS_DEPLOYMENT_TARGET = 17.5;
				MACOSX_DEPLOYMENT_TARGET = 14.5;
				MARKETING_VERSION = 1.0;
				PRODUCT_BUNDLE_IDENTIFIER = "com.omchachad.Krupa-s-FoodsTests";
				PRODUCT_NAME = "$(TARGET_NAME)";
				SDKROOT = auto;
				SUPPORTED_PLATFORMS = "iphoneos iphonesimulator macosx";
				SWIFT_EMIT_LOC_STRINGS = NO;
				SWIFT_VERSION = 5.0;
				TARGETED_DEVICE_FAMILY = "1,2";
				TEST_HOST = "$(BUILT_PRODUCTS_DIR)/Krupa's Foods.app/$(BUNDLE_EXECUTABLE_FOLDER_PATH)/Krupa's Foods";
			};
			name = Release;
		};
		C24C31B52C3D038800C3187D /* Debug */ = {
			isa = XCBuildConfiguration;
			buildSettings = {
				ALWAYS_EMBED_SWIFT_STANDARD_LIBRARIES = YES;
				CODE_SIGN_STYLE = Automatic;
				CURRENT_PROJECT_VERSION = 1;
				DEVELOPMENT_TEAM = 3S6NT5MUQZ;
				GENERATE_INFOPLIST_FILE = YES;
				IPHONEOS_DEPLOYMENT_TARGET = 17.5;
				MACOSX_DEPLOYMENT_TARGET = 14.5;
				MARKETING_VERSION = 1.0;
				PRODUCT_BUNDLE_IDENTIFIER = "com.omchachad.Krupa-s-FoodsUITests";
				PRODUCT_NAME = "$(TARGET_NAME)";
				SDKROOT = auto;
				SUPPORTED_PLATFORMS = "iphoneos iphonesimulator macosx";
				SWIFT_EMIT_LOC_STRINGS = NO;
				SWIFT_VERSION = 5.0;
				TARGETED_DEVICE_FAMILY = "1,2";
				TEST_TARGET_NAME = "Krupa's Foods";
			};
			name = Debug;
		};
		C24C31B62C3D038800C3187D /* Release */ = {
			isa = XCBuildConfiguration;
			buildSettings = {
				ALWAYS_EMBED_SWIFT_STANDARD_LIBRARIES = YES;
				CODE_SIGN_STYLE = Automatic;
				CURRENT_PROJECT_VERSION = 1;
				DEVELOPMENT_TEAM = 3S6NT5MUQZ;
				GENERATE_INFOPLIST_FILE = YES;
				IPHONEOS_DEPLOYMENT_TARGET = 17.5;
				MACOSX_DEPLOYMENT_TARGET = 14.5;
				MARKETING_VERSION = 1.0;
				PRODUCT_BUNDLE_IDENTIFIER = "com.omchachad.Krupa-s-FoodsUITests";
				PRODUCT_NAME = "$(TARGET_NAME)";
				SDKROOT = auto;
				SUPPORTED_PLATFORMS = "iphoneos iphonesimulator macosx";
				SWIFT_EMIT_LOC_STRINGS = NO;
				SWIFT_VERSION = 5.0;
				TARGETED_DEVICE_FAMILY = "1,2";
				TEST_TARGET_NAME = "Krupa's Foods";
			};
			name = Release;
		};
/* End XCBuildConfiguration section */

/* Begin XCConfigurationList section */
		C24C31842C3D038600C3187D /* Build configuration list for PBXProject "Krupa's Foods" */ = {
			isa = XCConfigurationList;
			buildConfigurations = (
				C24C31AC2C3D038800C3187D /* Debug */,
				C24C31AD2C3D038800C3187D /* Release */,
			);
			defaultConfigurationIsVisible = 0;
			defaultConfigurationName = Release;
		};
		C24C31AE2C3D038800C3187D /* Build configuration list for PBXNativeTarget "Krupa's Foods" */ = {
			isa = XCConfigurationList;
			buildConfigurations = (
				C24C31AF2C3D038800C3187D /* Debug */,
				C24C31B02C3D038800C3187D /* Release */,
			);
			defaultConfigurationIsVisible = 0;
			defaultConfigurationName = Release;
		};
		C24C31B12C3D038800C3187D /* Build configuration list for PBXNativeTarget "Krupa's FoodsTests" */ = {
			isa = XCConfigurationList;
			buildConfigurations = (
				C24C31B22C3D038800C3187D /* Debug */,
				C24C31B32C3D038800C3187D /* Release */,
			);
			defaultConfigurationIsVisible = 0;
			defaultConfigurationName = Release;
		};
		C24C31B42C3D038800C3187D /* Build configuration list for PBXNativeTarget "Krupa's FoodsUITests" */ = {
			isa = XCConfigurationList;
			buildConfigurations = (
				C24C31B52C3D038800C3187D /* Debug */,
				C24C31B62C3D038800C3187D /* Release */,
			);
			defaultConfigurationIsVisible = 0;
			defaultConfigurationName = Release;
		};
/* End XCConfigurationList section */

/* Begin XCRemoteSwiftPackageReference section */
		C210E3E52C572F6500D04227 /* XCRemoteSwiftPackageReference "EmojiPicker" */ = {
			isa = XCRemoteSwiftPackageReference;
			repositoryURL = "https://github.com/Kelvas09/EmojiPicker.git";
			requirement = {
				kind = upToNextMajorVersion;
				minimumVersion = 1.0.1;
			};
		};
		C210E3E82C57568F00D04227 /* XCRemoteSwiftPackageReference "MCEmojiPicker" */ = {
			isa = XCRemoteSwiftPackageReference;
			repositoryURL = "https://github.com/izyumkin/MCEmojiPicker";
			requirement = {
				kind = upToNextMajorVersion;
				minimumVersion = 1.2.3;
			};
		};
/* End XCRemoteSwiftPackageReference section */

/* Begin XCSwiftPackageProductDependency section */
		C210E3E62C572F6500D04227 /* EmojiPicker */ = {
			isa = XCSwiftPackageProductDependency;
			package = C210E3E52C572F6500D04227 /* XCRemoteSwiftPackageReference "EmojiPicker" */;
			productName = EmojiPicker;
		};
		C210E3E92C57568F00D04227 /* MCEmojiPicker */ = {
			isa = XCSwiftPackageProductDependency;
			package = C210E3E82C57568F00D04227 /* XCRemoteSwiftPackageReference "MCEmojiPicker" */;
			productName = MCEmojiPicker;
		};
/* End XCSwiftPackageProductDependency section */
	};
	rootObject = C24C31812C3D038600C3187D /* Project object */;
}
